PODS:
  - GRMustache.swift (2.0.0)
  - GzipSwift (4.0.4)
  - Just (0.7.1)
  - PromiseKit (6.2.5):
    - PromiseKit/CorePromise (= 6.2.5)
    - PromiseKit/Foundation (= 6.2.5)
    - PromiseKit/UIKit (= 6.2.5)
  - PromiseKit/CorePromise (6.2.5)
  - PromiseKit/Foundation (6.2.5):
    - PromiseKit/CorePromise
  - Sparkle (1.19.0)

DEPENDENCIES:
  - GRMustache.swift (from `https://github.com/iina/GRMustache.swift.git`)
  - GzipSwift
  - Just (from `https://github.com/JustHTTP/Just.git`)
  - PromiseKit
  - Sparkle

SPEC REPOS:
  https://github.com/cocoapods/specs.git:
    - GzipSwift
    - PromiseKit
    - Sparkle

EXTERNAL SOURCES:
  GRMustache.swift:
    :git: https://github.com/iina/GRMustache.swift.git
  Just:
    :git: https://github.com/JustHTTP/Just.git

CHECKOUT OPTIONS:
  GRMustache.swift:
    :commit: 3e6778e4b8a134e3f96d04d6c15c7213bd7d9935
    :git: https://github.com/iina/GRMustache.swift.git
  Just:
    :commit: b314be4ac8652b66182cfbd4a9893dfcb3808bbf
    :git: https://github.com/JustHTTP/Just.git

SPEC CHECKSUMS:
  GRMustache.swift: 53405b02c374520f9193cf41bfa677f03a6d70aa
  GzipSwift: 1a5bc5f7827e09846b0635b5079f1224bc3b1c3a
  Just: 60c0995e04718eb621a07abef45ce6883c562f2b
  PromiseKit: a26828b0a8d5874960dfdb575b57a70790ec36f1
  Sparkle: 8486d2493599665e466b5076e72b28849776e32f

PODFILE CHECKSUM: c149e2f5a370325310fa22313fe8c514d0967750

COCOAPODS: 1.6.0.beta.2
