// !$*UTF8*$!
{
	archiveVersion = 1;
	classes = {
	};
	objectVersion = 46;
	objects = {

/* Begin PBXBuildFile section */
		4E0ACCEC2D7DC320BD17866D /* Pods_mpvxTests.framework in Frameworks */ = {isa = PBXBuildFile; fileRef = E02BC1426882141B31FD7C32 /* Pods_mpvxTests.framework */; };
		840D47981DFEEE6A000D9A64 /* KeyMapping.swift in Sources */ = {isa = PBXBuildFile; fileRef = 840D47971DFEEE6A000D9A64 /* KeyMapping.swift */; };
		840D479B1DFEF649000D9A64 /* KeyRecordViewController.swift in Sources */ = {isa = PBXBuildFile; fileRef = 840D47991DFEF649000D9A64 /* KeyRecordViewController.swift */; };
		840D479C1DFEF649000D9A64 /* KeyRecordViewController.xib in Resources */ = {isa = PBXBuildFile; fileRef = 840D479A1DFEF649000D9A64 /* KeyRecordViewController.xib */; };
		840D47A01DFEFC49000D9A64 /* KeyRecordView.swift in Sources */ = {isa = PBXBuildFile; fileRef = 840D479F1DFEFC49000D9A64 /* KeyRecordView.swift */; };
		8434BAA71D5DF2DA003BECF2 /* Extensions.swift in Sources */ = {isa = PBXBuildFile; fileRef = 8434BAA61D5DF2DA003BECF2 /* Extensions.swift */; };
		8434BAA91D5E3C2B003BECF2 /* Formatters.swift in Sources */ = {isa = PBXBuildFile; fileRef = 8434BAA81D5E3C2B003BECF2 /* Formatters.swift */; };
		8434BAAD1D5E4546003BECF2 /* SlideUpButton.swift in Sources */ = {isa = PBXBuildFile; fileRef = 8434BAAC1D5E4546003BECF2 /* SlideUpButton.swift */; };
		843FFD4D1D5DAA01001F3A44 /* RoundedTextFieldCell.swift in Sources */ = {isa = PBXBuildFile; fileRef = 843FFD4C1D5DAA01001F3A44 /* RoundedTextFieldCell.swift */; };
		844DE1BF1D3E2B9900272589 /* MPVEvent.swift in Sources */ = {isa = PBXBuildFile; fileRef = 844DE1BE1D3E2B9900272589 /* MPVEvent.swift */; };
		8452DD851D3B956D008A543A /* Preference.swift in Sources */ = {isa = PBXBuildFile; fileRef = 8452DD841D3B956D008A543A /* Preference.swift */; };
		8452DD891D3CB4EF008A543A /* vertexShader.glsl in Resources */ = {isa = PBXBuildFile; fileRef = 8452DD881D3CB4EF008A543A /* vertexShader.glsl */; };
		8452DD8B1D3CB519008A543A /* fragmentShader.glsl in Resources */ = {isa = PBXBuildFile; fileRef = 8452DD8A1D3CB519008A543A /* fragmentShader.glsl */; };
		845ABEAC1D4D19C000BFB15B /* MPVTrack.swift in Sources */ = {isa = PBXBuildFile; fileRef = 845ABEAB1D4D19C000BFB15B /* MPVTrack.swift */; };
		845FB0C71D39462E00C011E0 /* ControlBarView.swift in Sources */ = {isa = PBXBuildFile; fileRef = 845FB0C61D39462E00C011E0 /* ControlBarView.swift */; };
		8460FBA91D6497490081841B /* PlaylistViewController.swift in Sources */ = {isa = PBXBuildFile; fileRef = 8460FBA71D6497490081841B /* PlaylistViewController.swift */; };
		8460FBAA1D6497490081841B /* PlaylistViewController.xib in Resources */ = {isa = PBXBuildFile; fileRef = 8460FBA81D6497490081841B /* PlaylistViewController.xib */; };
		8461C52E1D45FFF6006E91FF /* PlaySliderCell.swift in Sources */ = {isa = PBXBuildFile; fileRef = 8461C52D1D45FFF6006E91FF /* PlaySliderCell.swift */; };
		8461C5301D462488006E91FF /* VideoTime.swift in Sources */ = {isa = PBXBuildFile; fileRef = 8461C52F1D462488006E91FF /* VideoTime.swift */; };
		8466BE181D5CDD0300039D03 /* QuickSettingViewController.swift in Sources */ = {isa = PBXBuildFile; fileRef = 8466BE161D5CDD0300039D03 /* QuickSettingViewController.swift */; };
		8466BE191D5CDD0300039D03 /* QuickSettingViewController.xib in Resources */ = {isa = PBXBuildFile; fileRef = 8466BE171D5CDD0300039D03 /* QuickSettingViewController.xib */; };
		847644081D48B413004F6DF5 /* MPVOption.swift in Sources */ = {isa = PBXBuildFile; fileRef = 847644071D48B413004F6DF5 /* MPVOption.swift */; };
		8476440A1D48CC3D004F6DF5 /* MPVCommand.swift in Sources */ = {isa = PBXBuildFile; fileRef = 847644091D48CC3D004F6DF5 /* MPVCommand.swift */; };
		8476440C1D48F63D004F6DF5 /* OSDMessage.swift in Sources */ = {isa = PBXBuildFile; fileRef = 8476440B1D48F63D004F6DF5 /* OSDMessage.swift */; };
		84791C8B1D405E9D0069E28A /* PlaybackInfo.swift in Sources */ = {isa = PBXBuildFile; fileRef = 84791C8A1D405E9D0069E28A /* PlaybackInfo.swift */; };
		847C62CA1DC13CDA00E1EF16 /* PreferenceGeneralViewController.swift in Sources */ = {isa = PBXBuildFile; fileRef = 847C62C81DC13CDA00E1EF16 /* PreferenceGeneralViewController.swift */; };
		847C62CB1DC13CDA00E1EF16 /* PreferenceGeneralViewController.xib in Resources */ = {isa = PBXBuildFile; fileRef = 847C62C91DC13CDA00E1EF16 /* PreferenceGeneralViewController.xib */; };
		84817C941DBBF8E000CC2279 /* libmpv.1.23.0.dylib in Frameworks */ = {isa = PBXBuildFile; fileRef = 84817C931DBBF8E000CC2279 /* libmpv.1.23.0.dylib */; };
		84817C961DBDCA5F00CC2279 /* SettingsListCellView.swift in Sources */ = {isa = PBXBuildFile; fileRef = 84817C951DBDCA5F00CC2279 /* SettingsListCellView.swift */; };
		84817C981DBDCE4300CC2279 /* RoundedColorWell.swift in Sources */ = {isa = PBXBuildFile; fileRef = 84817C971DBDCE4300CC2279 /* RoundedColorWell.swift */; };
		84817C9A1DBDF58F00CC2279 /* libmpv.1.23.0.dylib in Copy Dylibs */ = {isa = PBXBuildFile; fileRef = 84817C931DBBF8E000CC2279 /* libmpv.1.23.0.dylib */; settings = {ATTRIBUTES = (CodeSignOnCopy, ); }; };
		84817C9B1DBDF58F00CC2279 /* libmpv.1.dylib in Copy Dylibs */ = {isa = PBXBuildFile; fileRef = 84FF84751D2FF698001B318A /* libmpv.1.dylib */; settings = {ATTRIBUTES = (CodeSignOnCopy, ); }; };
		84817C9C1DBDF58F00CC2279 /* libmpv.dylib in Copy Dylibs */ = {isa = PBXBuildFile; fileRef = 84FF84761D2FF698001B318A /* libmpv.dylib */; settings = {ATTRIBUTES = (CodeSignOnCopy, ); }; };
		84817CB31DBE0BAC00CC2279 /* libass.5.dylib in Copy Dylibs */ = {isa = PBXBuildFile; fileRef = 84817C9D1DBE0BA000CC2279 /* libass.5.dylib */; settings = {ATTRIBUTES = (CodeSignOnCopy, ); }; };
		84817CB41DBE0BAC00CC2279 /* libavcodec.57.dylib in Copy Dylibs */ = {isa = PBXBuildFile; fileRef = 84817C9E1DBE0BA000CC2279 /* libavcodec.57.dylib */; settings = {ATTRIBUTES = (CodeSignOnCopy, ); }; };
		84817CB51DBE0BAC00CC2279 /* libavdevice.57.dylib in Copy Dylibs */ = {isa = PBXBuildFile; fileRef = 84817C9F1DBE0BA000CC2279 /* libavdevice.57.dylib */; settings = {ATTRIBUTES = (CodeSignOnCopy, ); }; };
		84817CB61DBE0BAC00CC2279 /* libavfilter.6.dylib in Copy Dylibs */ = {isa = PBXBuildFile; fileRef = 84817CA01DBE0BA000CC2279 /* libavfilter.6.dylib */; settings = {ATTRIBUTES = (CodeSignOnCopy, ); }; };
		84817CB71DBE0BAC00CC2279 /* libavformat.57.dylib in Copy Dylibs */ = {isa = PBXBuildFile; fileRef = 84817CA11DBE0BA000CC2279 /* libavformat.57.dylib */; settings = {ATTRIBUTES = (CodeSignOnCopy, ); }; };
		84817CB81DBE0BAC00CC2279 /* libavutil.55.dylib in Copy Dylibs */ = {isa = PBXBuildFile; fileRef = 84817CA21DBE0BA000CC2279 /* libavutil.55.dylib */; settings = {ATTRIBUTES = (CodeSignOnCopy, ); }; };
		84817CB91DBE0BAC00CC2279 /* libjpeg.8.dylib in Copy Dylibs */ = {isa = PBXBuildFile; fileRef = 84817CA31DBE0BA000CC2279 /* libjpeg.8.dylib */; settings = {ATTRIBUTES = (CodeSignOnCopy, ); }; };
		84817CBA1DBE0BAC00CC2279 /* liblcms2.2.dylib in Copy Dylibs */ = {isa = PBXBuildFile; fileRef = 84817CA41DBE0BA000CC2279 /* liblcms2.2.dylib */; settings = {ATTRIBUTES = (CodeSignOnCopy, ); }; };
		84817CBB1DBE0BAC00CC2279 /* liblua.5.2.dylib in Copy Dylibs */ = {isa = PBXBuildFile; fileRef = 84817CA51DBE0BA000CC2279 /* liblua.5.2.dylib */; settings = {ATTRIBUTES = (CodeSignOnCopy, ); }; };
		84817CBC1DBE0BAC00CC2279 /* libswresample.2.dylib in Copy Dylibs */ = {isa = PBXBuildFile; fileRef = 84817CA61DBE0BA000CC2279 /* libswresample.2.dylib */; settings = {ATTRIBUTES = (CodeSignOnCopy, ); }; };
		84817CBD1DBE0BAC00CC2279 /* libswscale.4.dylib in Copy Dylibs */ = {isa = PBXBuildFile; fileRef = 84817CA71DBE0BA000CC2279 /* libswscale.4.dylib */; settings = {ATTRIBUTES = (CodeSignOnCopy, ); }; };
		84817CD21DBE174600CC2279 /* libfontconfig.1.dylib in Copy Dylibs */ = {isa = PBXBuildFile; fileRef = 84817CBE1DBE173600CC2279 /* libfontconfig.1.dylib */; settings = {ATTRIBUTES = (CodeSignOnCopy, ); }; };
		84817CD31DBE174600CC2279 /* libfreetype.6.dylib in Copy Dylibs */ = {isa = PBXBuildFile; fileRef = 84817CBF1DBE173600CC2279 /* libfreetype.6.dylib */; settings = {ATTRIBUTES = (CodeSignOnCopy, ); }; };
		84817CD41DBE174600CC2279 /* libfribidi.0.dylib in Copy Dylibs */ = {isa = PBXBuildFile; fileRef = 84817CC01DBE173600CC2279 /* libfribidi.0.dylib */; settings = {ATTRIBUTES = (CodeSignOnCopy, ); }; };
		84817CD51DBE174600CC2279 /* libglib-2.0.0.dylib in Copy Dylibs */ = {isa = PBXBuildFile; fileRef = 84817CC11DBE173600CC2279 /* libglib-2.0.0.dylib */; settings = {ATTRIBUTES = (CodeSignOnCopy, ); }; };
		84817CD61DBE174600CC2279 /* libharfbuzz.0.dylib in Copy Dylibs */ = {isa = PBXBuildFile; fileRef = 84817CC21DBE173600CC2279 /* libharfbuzz.0.dylib */; settings = {ATTRIBUTES = (CodeSignOnCopy, ); }; };
		84817CD71DBE174600CC2279 /* libintl.8.dylib in Copy Dylibs */ = {isa = PBXBuildFile; fileRef = 84817CC31DBE173600CC2279 /* libintl.8.dylib */; settings = {ATTRIBUTES = (CodeSignOnCopy, ); }; };
		84817CD81DBE174600CC2279 /* libmp3lame.0.dylib in Copy Dylibs */ = {isa = PBXBuildFile; fileRef = 84817CC41DBE173600CC2279 /* libmp3lame.0.dylib */; settings = {ATTRIBUTES = (CodeSignOnCopy, ); }; };
		84817CD91DBE174600CC2279 /* libpcre.1.dylib in Copy Dylibs */ = {isa = PBXBuildFile; fileRef = 84817CC51DBE173600CC2279 /* libpcre.1.dylib */; settings = {ATTRIBUTES = (CodeSignOnCopy, ); }; };
		84817CDA1DBE174600CC2279 /* libpng16.16.dylib in Copy Dylibs */ = {isa = PBXBuildFile; fileRef = 84817CC61DBE173600CC2279 /* libpng16.16.dylib */; settings = {ATTRIBUTES = (CodeSignOnCopy, ); }; };
		84817CDB1DBE174600CC2279 /* libx264.148.dylib in Copy Dylibs */ = {isa = PBXBuildFile; fileRef = 84817CC71DBE173600CC2279 /* libx264.148.dylib */; settings = {ATTRIBUTES = (CodeSignOnCopy, ); }; };
		84817CE01DBE1A6B00CC2279 /* libavresample.3.dylib in Copy Dylibs */ = {isa = PBXBuildFile; fileRef = 84817CDC1DBE1A5D00CC2279 /* libavresample.3.dylib */; settings = {ATTRIBUTES = (CodeSignOnCopy, ); }; };
		84817CE11DBE1A6B00CC2279 /* libpostproc.54.dylib in Copy Dylibs */ = {isa = PBXBuildFile; fileRef = 84817CDD1DBE1A5D00CC2279 /* libpostproc.54.dylib */; settings = {ATTRIBUTES = (CodeSignOnCopy, ); }; };
		84817CE91DBE2E5300CC2279 /* autoload.lua in Copy Lua Scripts */ = {isa = PBXBuildFile; fileRef = 84817CE61DBE2D0300CC2279 /* autoload.lua */; };
		84817CEC1DBE372B00CC2279 /* libuchardet.0.dylib in Copy Dylibs */ = {isa = PBXBuildFile; fileRef = 84817CEA1DBE36F500CC2279 /* libuchardet.0.dylib */; settings = {ATTRIBUTES = (CodeSignOnCopy, ); }; };
		8487BEC11D744FA800FD17B0 /* FlippedView.swift in Sources */ = {isa = PBXBuildFile; fileRef = 8487BEC01D744FA800FD17B0 /* FlippedView.swift */; };
		8487BEC31D76A1AF00FD17B0 /* MenuController.swift in Sources */ = {isa = PBXBuildFile; fileRef = 8487BEC21D76A1AF00FD17B0 /* MenuController.swift */; };
		84A0BA901D2F8D4100BC8DA1 /* Error.swift in Sources */ = {isa = PBXBuildFile; fileRef = 84A0BA8F1D2F8D4100BC8DA1 /* Error.swift */; };
		84A0BA951D2F9E9600BC8DA1 /* MainMenu.xib in Resources */ = {isa = PBXBuildFile; fileRef = 84A0BA931D2F9E9600BC8DA1 /* MainMenu.xib */; };
		84A0BA971D2FA1CE00BC8DA1 /* PlayerCore.swift in Sources */ = {isa = PBXBuildFile; fileRef = 84A0BA961D2FA1CE00BC8DA1 /* PlayerCore.swift */; };
		84A0BA991D2FAAA700BC8DA1 /* MPVController.swift in Sources */ = {isa = PBXBuildFile; fileRef = 84A0BA981D2FAAA700BC8DA1 /* MPVController.swift */; };
		84A0BA9B1D2FAB4100BC8DA1 /* Parameter.swift in Sources */ = {isa = PBXBuildFile; fileRef = 84A0BA9A1D2FAB4100BC8DA1 /* Parameter.swift */; };
		84A0BA9E1D2FAD4000BC8DA1 /* MainWindowController.swift in Sources */ = {isa = PBXBuildFile; fileRef = 84A0BA9C1D2FAD4000BC8DA1 /* MainWindowController.swift */; };
		84A0BA9F1D2FAD4000BC8DA1 /* MainWindowController.xib in Resources */ = {isa = PBXBuildFile; fileRef = 84A0BA9D1D2FAD4000BC8DA1 /* MainWindowController.xib */; };
		84A0BAA11D2FAE7600BC8DA1 /* VideoView.swift in Sources */ = {isa = PBXBuildFile; fileRef = 84A0BAA01D2FAE7600BC8DA1 /* VideoView.swift */; };
		84AABE8B1DBF634600D138FD /* CharEncoding.swift in Sources */ = {isa = PBXBuildFile; fileRef = 84AABE8A1DBF634600D138FD /* CharEncoding.swift */; };
		84AABE941DBFAF1A00D138FD /* FontPickerWindowController.swift in Sources */ = {isa = PBXBuildFile; fileRef = 84AABE921DBFAF1A00D138FD /* FontPickerWindowController.swift */; };
		84AABE951DBFAF1A00D138FD /* FontPickerWindowController.xib in Resources */ = {isa = PBXBuildFile; fileRef = 84AABE931DBFAF1A00D138FD /* FontPickerWindowController.xib */; };
		84AABE981DBFB62F00D138FD /* FixedFontManager.m in Sources */ = {isa = PBXBuildFile; fileRef = 84AABE971DBFB62F00D138FD /* FixedFontManager.m */; };
		84BEEC3F1DFEDE2F00F945CA /* PrefKeyBindingViewController.swift in Sources */ = {isa = PBXBuildFile; fileRef = 84BEEC3D1DFEDE2F00F945CA /* PrefKeyBindingViewController.swift */; };
		84BEEC401DFEDE2F00F945CA /* PrefKeyBindingViewController.xib in Resources */ = {isa = PBXBuildFile; fileRef = 84BEEC3E1DFEDE2F00F945CA /* PrefKeyBindingViewController.xib */; };
		84BEEC421DFEE46200F945CA /* StreamReader.swift in Sources */ = {isa = PBXBuildFile; fileRef = 84BEEC411DFEE46200F945CA /* StreamReader.swift */; };
		84C8D58F1D794CE600D98A0E /* MPVFilter.swift in Sources */ = {isa = PBXBuildFile; fileRef = 84C8D58E1D794CE600D98A0E /* MPVFilter.swift */; };
		84C8D5911D796F9700D98A0E /* Aspect.swift in Sources */ = {isa = PBXBuildFile; fileRef = 84C8D5901D796F9700D98A0E /* Aspect.swift */; };
		84D377631D6B66DE007F7396 /* MPVPlaylistItem.swift in Sources */ = {isa = PBXBuildFile; fileRef = 84D377621D6B66DE007F7396 /* MPVPlaylistItem.swift */; };
		84D377651D7370EE007F7396 /* ChapterTableCellView.swift in Sources */ = {isa = PBXBuildFile; fileRef = 84D377641D7370EE007F7396 /* ChapterTableCellView.swift */; };
		84D377671D737F58007F7396 /* MPVChapter.swift in Sources */ = {isa = PBXBuildFile; fileRef = 84D377661D737F58007F7396 /* MPVChapter.swift */; };
		84E745D41DFDB27B00588DED /* PlaylistDragDestView.swift in Sources */ = {isa = PBXBuildFile; fileRef = 84E745D31DFDB27B00588DED /* PlaylistDragDestView.swift */; };
		84E745D61DFDD4FD00588DED /* KeyCodeHelper.swift in Sources */ = {isa = PBXBuildFile; fileRef = 84E745D51DFDD4FD00588DED /* KeyCodeHelper.swift */; };
		84E745DB1DFDE9DE00588DED /* input.conf in Copy Configs */ = {isa = PBXBuildFile; fileRef = 84E745D81DFDE8C100588DED /* input.conf */; };
		84EB1EDA1D2F51D3004FA5A1 /* AppDelegate.swift in Sources */ = {isa = PBXBuildFile; fileRef = 84EB1ED91D2F51D3004FA5A1 /* AppDelegate.swift */; };
		84EB1EDC1D2F51D3004FA5A1 /* Assets.xcassets in Resources */ = {isa = PBXBuildFile; fileRef = 84EB1EDB1D2F51D3004FA5A1 /* Assets.xcassets */; };
		84EB1EEA1D2F51D3004FA5A1 /* mpvxTests.swift in Sources */ = {isa = PBXBuildFile; fileRef = 84EB1EE91D2F51D3004FA5A1 /* mpvxTests.swift */; };
		84EB1F051D2F5C5B004FA5A1 /* AppData.swift in Sources */ = {isa = PBXBuildFile; fileRef = 84EB1F041D2F5C5B004FA5A1 /* AppData.swift */; };
		84EB1F071D2F5E76004FA5A1 /* Utility.swift in Sources */ = {isa = PBXBuildFile; fileRef = 84EB1F061D2F5E76004FA5A1 /* Utility.swift */; };
		84F725561D4783EE000DEF1B /* VolumeSliderCell.swift in Sources */ = {isa = PBXBuildFile; fileRef = 84F725551D4783EE000DEF1B /* VolumeSliderCell.swift */; };
		84F7258F1D486185000DEF1B /* MPVProperty.swift in Sources */ = {isa = PBXBuildFile; fileRef = 84F7258E1D486185000DEF1B /* MPVProperty.swift */; };
		84FF847A1D2FF698001B318A /* libmpv.1.dylib in Frameworks */ = {isa = PBXBuildFile; fileRef = 84FF84751D2FF698001B318A /* libmpv.1.dylib */; };
		84FF847B1D2FF698001B318A /* libmpv.dylib in Frameworks */ = {isa = PBXBuildFile; fileRef = 84FF84761D2FF698001B318A /* libmpv.dylib */; };
		8A11331C2E4A6204BD5E3950 /* Pods_mpvx.framework in Frameworks */ = {isa = PBXBuildFile; fileRef = 3BE5147FAFA07715007A39C3 /* Pods_mpvx.framework */; };
/* End PBXBuildFile section */

/* Begin PBXContainerItemProxy section */
		84EB1EE61D2F51D3004FA5A1 /* PBXContainerItemProxy */ = {
			isa = PBXContainerItemProxy;
			containerPortal = 84EB1ECE1D2F51D3004FA5A1 /* Project object */;
			proxyType = 1;
			remoteGlobalIDString = 84EB1ED51D2F51D3004FA5A1;
			remoteInfo = mpvx;
		};
/* End PBXContainerItemProxy section */

/* Begin PBXCopyFilesBuildPhase section */
		84817C991DBDF57C00CC2279 /* Copy Dylibs */ = {
			isa = PBXCopyFilesBuildPhase;
			buildActionMask = 2147483647;
			dstPath = "";
			dstSubfolderSpec = 10;
			files = (
				84817CEC1DBE372B00CC2279 /* libuchardet.0.dylib in Copy Dylibs */,
				84817CE01DBE1A6B00CC2279 /* libavresample.3.dylib in Copy Dylibs */,
				84817CE11DBE1A6B00CC2279 /* libpostproc.54.dylib in Copy Dylibs */,
				84817CD21DBE174600CC2279 /* libfontconfig.1.dylib in Copy Dylibs */,
				84817CD31DBE174600CC2279 /* libfreetype.6.dylib in Copy Dylibs */,
				84817CD41DBE174600CC2279 /* libfribidi.0.dylib in Copy Dylibs */,
				84817CD51DBE174600CC2279 /* libglib-2.0.0.dylib in Copy Dylibs */,
				84817CD61DBE174600CC2279 /* libharfbuzz.0.dylib in Copy Dylibs */,
				84817CD71DBE174600CC2279 /* libintl.8.dylib in Copy Dylibs */,
				84817CD81DBE174600CC2279 /* libmp3lame.0.dylib in Copy Dylibs */,
				84817CD91DBE174600CC2279 /* libpcre.1.dylib in Copy Dylibs */,
				84817CDA1DBE174600CC2279 /* libpng16.16.dylib in Copy Dylibs */,
				84817CDB1DBE174600CC2279 /* libx264.148.dylib in Copy Dylibs */,
				84817CB31DBE0BAC00CC2279 /* libass.5.dylib in Copy Dylibs */,
				84817CB41DBE0BAC00CC2279 /* libavcodec.57.dylib in Copy Dylibs */,
				84817CB51DBE0BAC00CC2279 /* libavdevice.57.dylib in Copy Dylibs */,
				84817CB61DBE0BAC00CC2279 /* libavfilter.6.dylib in Copy Dylibs */,
				84817CB71DBE0BAC00CC2279 /* libavformat.57.dylib in Copy Dylibs */,
				84817CB81DBE0BAC00CC2279 /* libavutil.55.dylib in Copy Dylibs */,
				84817CB91DBE0BAC00CC2279 /* libjpeg.8.dylib in Copy Dylibs */,
				84817CBA1DBE0BAC00CC2279 /* liblcms2.2.dylib in Copy Dylibs */,
				84817CBB1DBE0BAC00CC2279 /* liblua.5.2.dylib in Copy Dylibs */,
				84817CBC1DBE0BAC00CC2279 /* libswresample.2.dylib in Copy Dylibs */,
				84817CBD1DBE0BAC00CC2279 /* libswscale.4.dylib in Copy Dylibs */,
				84817C9A1DBDF58F00CC2279 /* libmpv.1.23.0.dylib in Copy Dylibs */,
				84817C9B1DBDF58F00CC2279 /* libmpv.1.dylib in Copy Dylibs */,
				84817C9C1DBDF58F00CC2279 /* libmpv.dylib in Copy Dylibs */,
			);
			name = "Copy Dylibs";
			runOnlyForDeploymentPostprocessing = 0;
		};
		84817CE81DBE2E3200CC2279 /* Copy Lua Scripts */ = {
			isa = PBXCopyFilesBuildPhase;
			buildActionMask = 2147483647;
			dstPath = scripts;
			dstSubfolderSpec = 7;
			files = (
				84817CE91DBE2E5300CC2279 /* autoload.lua in Copy Lua Scripts */,
			);
			name = "Copy Lua Scripts";
			runOnlyForDeploymentPostprocessing = 0;
		};
		84E745DA1DFDE9C600588DED /* Copy Configs */ = {
			isa = PBXCopyFilesBuildPhase;
			buildActionMask = 2147483647;
			dstPath = config;
			dstSubfolderSpec = 7;
			files = (
				84E745DB1DFDE9DE00588DED /* input.conf in Copy Configs */,
			);
			name = "Copy Configs";
			runOnlyForDeploymentPostprocessing = 0;
		};
/* End PBXCopyFilesBuildPhase section */

/* Begin PBXFileReference section */
		3BE5147FAFA07715007A39C3 /* Pods_mpvx.framework */ = {isa = PBXFileReference; explicitFileType = wrapper.framework; includeInIndex = 0; path = Pods_mpvx.framework; sourceTree = BUILT_PRODUCTS_DIR; };
		840D47971DFEEE6A000D9A64 /* KeyMapping.swift */ = {isa = PBXFileReference; fileEncoding = 4; lastKnownFileType = sourcecode.swift; path = KeyMapping.swift; sourceTree = "<group>"; };
		840D47991DFEF649000D9A64 /* KeyRecordViewController.swift */ = {isa = PBXFileReference; fileEncoding = 4; lastKnownFileType = sourcecode.swift; path = KeyRecordViewController.swift; sourceTree = "<group>"; };
		840D479A1DFEF649000D9A64 /* KeyRecordViewController.xib */ = {isa = PBXFileReference; fileEncoding = 4; lastKnownFileType = file.xib; path = KeyRecordViewController.xib; sourceTree = "<group>"; };
		840D479F1DFEFC49000D9A64 /* KeyRecordView.swift */ = {isa = PBXFileReference; fileEncoding = 4; lastKnownFileType = sourcecode.swift; path = KeyRecordView.swift; sourceTree = "<group>"; };
		8434BAA61D5DF2DA003BECF2 /* Extensions.swift */ = {isa = PBXFileReference; fileEncoding = 4; lastKnownFileType = sourcecode.swift; path = Extensions.swift; sourceTree = "<group>"; };
		8434BAA81D5E3C2B003BECF2 /* Formatters.swift */ = {isa = PBXFileReference; fileEncoding = 4; lastKnownFileType = sourcecode.swift; path = Formatters.swift; sourceTree = "<group>"; };
		8434BAAC1D5E4546003BECF2 /* SlideUpButton.swift */ = {isa = PBXFileReference; fileEncoding = 4; lastKnownFileType = sourcecode.swift; path = SlideUpButton.swift; sourceTree = "<group>"; };
		843FFD4C1D5DAA01001F3A44 /* RoundedTextFieldCell.swift */ = {isa = PBXFileReference; fileEncoding = 4; lastKnownFileType = sourcecode.swift; path = RoundedTextFieldCell.swift; sourceTree = "<group>"; };
		844DE1BE1D3E2B9900272589 /* MPVEvent.swift */ = {isa = PBXFileReference; fileEncoding = 4; lastKnownFileType = sourcecode.swift; path = MPVEvent.swift; sourceTree = "<group>"; };
		8452DD841D3B956D008A543A /* Preference.swift */ = {isa = PBXFileReference; fileEncoding = 4; lastKnownFileType = sourcecode.swift; path = Preference.swift; sourceTree = "<group>"; };
		8452DD881D3CB4EF008A543A /* vertexShader.glsl */ = {isa = PBXFileReference; fileEncoding = 4; lastKnownFileType = text; path = vertexShader.glsl; sourceTree = "<group>"; };
		8452DD8A1D3CB519008A543A /* fragmentShader.glsl */ = {isa = PBXFileReference; fileEncoding = 4; lastKnownFileType = text; path = fragmentShader.glsl; sourceTree = "<group>"; };
		845ABEAB1D4D19C000BFB15B /* MPVTrack.swift */ = {isa = PBXFileReference; fileEncoding = 4; lastKnownFileType = sourcecode.swift; path = MPVTrack.swift; sourceTree = "<group>"; };
		845FB0C61D39462E00C011E0 /* ControlBarView.swift */ = {isa = PBXFileReference; fileEncoding = 4; lastKnownFileType = sourcecode.swift; path = ControlBarView.swift; sourceTree = "<group>"; };
		8460FBA71D6497490081841B /* PlaylistViewController.swift */ = {isa = PBXFileReference; fileEncoding = 4; lastKnownFileType = sourcecode.swift; path = PlaylistViewController.swift; sourceTree = "<group>"; };
		8460FBA81D6497490081841B /* PlaylistViewController.xib */ = {isa = PBXFileReference; fileEncoding = 4; lastKnownFileType = file.xib; path = PlaylistViewController.xib; sourceTree = "<group>"; };
		8461C52D1D45FFF6006E91FF /* PlaySliderCell.swift */ = {isa = PBXFileReference; fileEncoding = 4; lastKnownFileType = sourcecode.swift; path = PlaySliderCell.swift; sourceTree = "<group>"; };
		8461C52F1D462488006E91FF /* VideoTime.swift */ = {isa = PBXFileReference; fileEncoding = 4; lastKnownFileType = sourcecode.swift; path = VideoTime.swift; sourceTree = "<group>"; };
		8466BE161D5CDD0300039D03 /* QuickSettingViewController.swift */ = {isa = PBXFileReference; fileEncoding = 4; lastKnownFileType = sourcecode.swift; path = QuickSettingViewController.swift; sourceTree = "<group>"; };
		8466BE171D5CDD0300039D03 /* QuickSettingViewController.xib */ = {isa = PBXFileReference; fileEncoding = 4; lastKnownFileType = file.xib; path = QuickSettingViewController.xib; sourceTree = "<group>"; };
		847644071D48B413004F6DF5 /* MPVOption.swift */ = {isa = PBXFileReference; fileEncoding = 4; lastKnownFileType = sourcecode.swift; path = MPVOption.swift; sourceTree = "<group>"; };
		847644091D48CC3D004F6DF5 /* MPVCommand.swift */ = {isa = PBXFileReference; fileEncoding = 4; lastKnownFileType = sourcecode.swift; path = MPVCommand.swift; sourceTree = "<group>"; };
		8476440B1D48F63D004F6DF5 /* OSDMessage.swift */ = {isa = PBXFileReference; fileEncoding = 4; lastKnownFileType = sourcecode.swift; path = OSDMessage.swift; sourceTree = "<group>"; };
		84791C8A1D405E9D0069E28A /* PlaybackInfo.swift */ = {isa = PBXFileReference; fileEncoding = 4; lastKnownFileType = sourcecode.swift; path = PlaybackInfo.swift; sourceTree = "<group>"; };
		847C62C81DC13CDA00E1EF16 /* PreferenceGeneralViewController.swift */ = {isa = PBXFileReference; fileEncoding = 4; lastKnownFileType = sourcecode.swift; path = PreferenceGeneralViewController.swift; sourceTree = "<group>"; };
		847C62C91DC13CDA00E1EF16 /* PreferenceGeneralViewController.xib */ = {isa = PBXFileReference; fileEncoding = 4; lastKnownFileType = file.xib; path = PreferenceGeneralViewController.xib; sourceTree = "<group>"; };
		84817C931DBBF8E000CC2279 /* libmpv.1.23.0.dylib */ = {isa = PBXFileReference; lastKnownFileType = "compiled.mach-o.dylib"; name = libmpv.1.23.0.dylib; path = libmpv/lib/libmpv.1.23.0.dylib; sourceTree = "<group>"; };
		84817C951DBDCA5F00CC2279 /* SettingsListCellView.swift */ = {isa = PBXFileReference; fileEncoding = 4; lastKnownFileType = sourcecode.swift; path = SettingsListCellView.swift; sourceTree = "<group>"; };
		84817C971DBDCE4300CC2279 /* RoundedColorWell.swift */ = {isa = PBXFileReference; fileEncoding = 4; lastKnownFileType = sourcecode.swift; path = RoundedColorWell.swift; sourceTree = "<group>"; };
		84817C9D1DBE0BA000CC2279 /* libass.5.dylib */ = {isa = PBXFileReference; lastKnownFileType = "compiled.mach-o.dylib"; name = libass.5.dylib; path = libmpv/lib/libass.5.dylib; sourceTree = "<group>"; };
		84817C9E1DBE0BA000CC2279 /* libavcodec.57.dylib */ = {isa = PBXFileReference; lastKnownFileType = "compiled.mach-o.dylib"; name = libavcodec.57.dylib; path = libmpv/lib/libavcodec.57.dylib; sourceTree = "<group>"; };
		84817C9F1DBE0BA000CC2279 /* libavdevice.57.dylib */ = {isa = PBXFileReference; lastKnownFileType = "compiled.mach-o.dylib"; name = libavdevice.57.dylib; path = libmpv/lib/libavdevice.57.dylib; sourceTree = "<group>"; };
		84817CA01DBE0BA000CC2279 /* libavfilter.6.dylib */ = {isa = PBXFileReference; lastKnownFileType = "compiled.mach-o.dylib"; name = libavfilter.6.dylib; path = libmpv/lib/libavfilter.6.dylib; sourceTree = "<group>"; };
		84817CA11DBE0BA000CC2279 /* libavformat.57.dylib */ = {isa = PBXFileReference; lastKnownFileType = "compiled.mach-o.dylib"; name = libavformat.57.dylib; path = libmpv/lib/libavformat.57.dylib; sourceTree = "<group>"; };
		84817CA21DBE0BA000CC2279 /* libavutil.55.dylib */ = {isa = PBXFileReference; lastKnownFileType = "compiled.mach-o.dylib"; name = libavutil.55.dylib; path = libmpv/lib/libavutil.55.dylib; sourceTree = "<group>"; };
		84817CA31DBE0BA000CC2279 /* libjpeg.8.dylib */ = {isa = PBXFileReference; lastKnownFileType = "compiled.mach-o.dylib"; name = libjpeg.8.dylib; path = libmpv/lib/libjpeg.8.dylib; sourceTree = "<group>"; };
		84817CA41DBE0BA000CC2279 /* liblcms2.2.dylib */ = {isa = PBXFileReference; lastKnownFileType = "compiled.mach-o.dylib"; name = liblcms2.2.dylib; path = libmpv/lib/liblcms2.2.dylib; sourceTree = "<group>"; };
		84817CA51DBE0BA000CC2279 /* liblua.5.2.dylib */ = {isa = PBXFileReference; lastKnownFileType = "compiled.mach-o.dylib"; name = liblua.5.2.dylib; path = libmpv/lib/liblua.5.2.dylib; sourceTree = "<group>"; };
		84817CA61DBE0BA000CC2279 /* libswresample.2.dylib */ = {isa = PBXFileReference; lastKnownFileType = "compiled.mach-o.dylib"; name = libswresample.2.dylib; path = libmpv/lib/libswresample.2.dylib; sourceTree = "<group>"; };
		84817CA71DBE0BA000CC2279 /* libswscale.4.dylib */ = {isa = PBXFileReference; lastKnownFileType = "compiled.mach-o.dylib"; name = libswscale.4.dylib; path = libmpv/lib/libswscale.4.dylib; sourceTree = "<group>"; };
		84817CBE1DBE173600CC2279 /* libfontconfig.1.dylib */ = {isa = PBXFileReference; lastKnownFileType = "compiled.mach-o.dylib"; name = libfontconfig.1.dylib; path = libmpv/lib/libfontconfig.1.dylib; sourceTree = "<group>"; };
		84817CBF1DBE173600CC2279 /* libfreetype.6.dylib */ = {isa = PBXFileReference; lastKnownFileType = "compiled.mach-o.dylib"; name = libfreetype.6.dylib; path = libmpv/lib/libfreetype.6.dylib; sourceTree = "<group>"; };
		84817CC01DBE173600CC2279 /* libfribidi.0.dylib */ = {isa = PBXFileReference; lastKnownFileType = "compiled.mach-o.dylib"; name = libfribidi.0.dylib; path = libmpv/lib/libfribidi.0.dylib; sourceTree = "<group>"; };
		84817CC11DBE173600CC2279 /* libglib-2.0.0.dylib */ = {isa = PBXFileReference; lastKnownFileType = "compiled.mach-o.dylib"; name = "libglib-2.0.0.dylib"; path = "libmpv/lib/libglib-2.0.0.dylib"; sourceTree = "<group>"; };
		84817CC21DBE173600CC2279 /* libharfbuzz.0.dylib */ = {isa = PBXFileReference; lastKnownFileType = "compiled.mach-o.dylib"; name = libharfbuzz.0.dylib; path = libmpv/lib/libharfbuzz.0.dylib; sourceTree = "<group>"; };
		84817CC31DBE173600CC2279 /* libintl.8.dylib */ = {isa = PBXFileReference; lastKnownFileType = "compiled.mach-o.dylib"; name = libintl.8.dylib; path = libmpv/lib/libintl.8.dylib; sourceTree = "<group>"; };
		84817CC41DBE173600CC2279 /* libmp3lame.0.dylib */ = {isa = PBXFileReference; lastKnownFileType = "compiled.mach-o.dylib"; name = libmp3lame.0.dylib; path = libmpv/lib/libmp3lame.0.dylib; sourceTree = "<group>"; };
		84817CC51DBE173600CC2279 /* libpcre.1.dylib */ = {isa = PBXFileReference; lastKnownFileType = "compiled.mach-o.dylib"; name = libpcre.1.dylib; path = libmpv/lib/libpcre.1.dylib; sourceTree = "<group>"; };
		84817CC61DBE173600CC2279 /* libpng16.16.dylib */ = {isa = PBXFileReference; lastKnownFileType = "compiled.mach-o.dylib"; name = libpng16.16.dylib; path = libmpv/lib/libpng16.16.dylib; sourceTree = "<group>"; };
		84817CC71DBE173600CC2279 /* libx264.148.dylib */ = {isa = PBXFileReference; lastKnownFileType = "compiled.mach-o.dylib"; name = libx264.148.dylib; path = libmpv/lib/libx264.148.dylib; sourceTree = "<group>"; };
		84817CDC1DBE1A5D00CC2279 /* libavresample.3.dylib */ = {isa = PBXFileReference; lastKnownFileType = "compiled.mach-o.dylib"; name = libavresample.3.dylib; path = libmpv/lib/libavresample.3.dylib; sourceTree = "<group>"; };
		84817CDD1DBE1A5D00CC2279 /* libpostproc.54.dylib */ = {isa = PBXFileReference; lastKnownFileType = "compiled.mach-o.dylib"; name = libpostproc.54.dylib; path = libmpv/lib/libpostproc.54.dylib; sourceTree = "<group>"; };
		84817CE61DBE2D0300CC2279 /* autoload.lua */ = {isa = PBXFileReference; fileEncoding = 4; lastKnownFileType = text; path = autoload.lua; sourceTree = "<group>"; };
		84817CEA1DBE36F500CC2279 /* libuchardet.0.dylib */ = {isa = PBXFileReference; lastKnownFileType = "compiled.mach-o.dylib"; name = libuchardet.0.dylib; path = libmpv/lib/libuchardet.0.dylib; sourceTree = "<group>"; };
		8487BEC01D744FA800FD17B0 /* FlippedView.swift */ = {isa = PBXFileReference; fileEncoding = 4; lastKnownFileType = sourcecode.swift; path = FlippedView.swift; sourceTree = "<group>"; };
		8487BEC21D76A1AF00FD17B0 /* MenuController.swift */ = {isa = PBXFileReference; fileEncoding = 4; lastKnownFileType = sourcecode.swift; path = MenuController.swift; sourceTree = "<group>"; };
		8497A4831D2FF573005F504F /* mpvx-Bridging-Header.h */ = {isa = PBXFileReference; fileEncoding = 4; lastKnownFileType = sourcecode.c.h; path = "mpvx-Bridging-Header.h"; sourceTree = "<group>"; };
		84A0BA8F1D2F8D4100BC8DA1 /* Error.swift */ = {isa = PBXFileReference; fileEncoding = 4; lastKnownFileType = sourcecode.swift; path = Error.swift; sourceTree = "<group>"; };
		84A0BA941D2F9E9600BC8DA1 /* Base */ = {isa = PBXFileReference; lastKnownFileType = file.xib; name = Base; path = Base.lproj/MainMenu.xib; sourceTree = "<group>"; };
		84A0BA961D2FA1CE00BC8DA1 /* PlayerCore.swift */ = {isa = PBXFileReference; fileEncoding = 4; lastKnownFileType = sourcecode.swift; path = PlayerCore.swift; sourceTree = "<group>"; };
		84A0BA981D2FAAA700BC8DA1 /* MPVController.swift */ = {isa = PBXFileReference; fileEncoding = 4; lastKnownFileType = sourcecode.swift; path = MPVController.swift; sourceTree = "<group>"; };
		84A0BA9A1D2FAB4100BC8DA1 /* Parameter.swift */ = {isa = PBXFileReference; fileEncoding = 4; lastKnownFileType = sourcecode.swift; path = Parameter.swift; sourceTree = "<group>"; };
		84A0BA9C1D2FAD4000BC8DA1 /* MainWindowController.swift */ = {isa = PBXFileReference; fileEncoding = 4; lastKnownFileType = sourcecode.swift; path = MainWindowController.swift; sourceTree = "<group>"; };
		84A0BA9D1D2FAD4000BC8DA1 /* MainWindowController.xib */ = {isa = PBXFileReference; fileEncoding = 4; lastKnownFileType = file.xib; path = MainWindowController.xib; sourceTree = "<group>"; };
		84A0BAA01D2FAE7600BC8DA1 /* VideoView.swift */ = {isa = PBXFileReference; fileEncoding = 4; lastKnownFileType = sourcecode.swift; path = VideoView.swift; sourceTree = "<group>"; };
		84AABE8A1DBF634600D138FD /* CharEncoding.swift */ = {isa = PBXFileReference; fileEncoding = 4; lastKnownFileType = sourcecode.swift; path = CharEncoding.swift; sourceTree = "<group>"; };
		84AABE921DBFAF1A00D138FD /* FontPickerWindowController.swift */ = {isa = PBXFileReference; fileEncoding = 4; lastKnownFileType = sourcecode.swift; path = FontPickerWindowController.swift; sourceTree = "<group>"; };
		84AABE931DBFAF1A00D138FD /* FontPickerWindowController.xib */ = {isa = PBXFileReference; fileEncoding = 4; lastKnownFileType = file.xib; path = FontPickerWindowController.xib; sourceTree = "<group>"; };
		84AABE961DBFB62F00D138FD /* FixedFontManager.h */ = {isa = PBXFileReference; fileEncoding = 4; lastKnownFileType = sourcecode.c.h; path = FixedFontManager.h; sourceTree = "<group>"; };
		84AABE971DBFB62F00D138FD /* FixedFontManager.m */ = {isa = PBXFileReference; fileEncoding = 4; lastKnownFileType = sourcecode.c.objc; path = FixedFontManager.m; sourceTree = "<group>"; };
		84BEEC3D1DFEDE2F00F945CA /* PrefKeyBindingViewController.swift */ = {isa = PBXFileReference; fileEncoding = 4; lastKnownFileType = sourcecode.swift; path = PrefKeyBindingViewController.swift; sourceTree = "<group>"; };
		84BEEC3E1DFEDE2F00F945CA /* PrefKeyBindingViewController.xib */ = {isa = PBXFileReference; fileEncoding = 4; lastKnownFileType = file.xib; path = PrefKeyBindingViewController.xib; sourceTree = "<group>"; };
		84BEEC411DFEE46200F945CA /* StreamReader.swift */ = {isa = PBXFileReference; fileEncoding = 4; lastKnownFileType = sourcecode.swift; path = StreamReader.swift; sourceTree = "<group>"; };
		84C8D58E1D794CE600D98A0E /* MPVFilter.swift */ = {isa = PBXFileReference; fileEncoding = 4; lastKnownFileType = sourcecode.swift; path = MPVFilter.swift; sourceTree = "<group>"; };
		84C8D5901D796F9700D98A0E /* Aspect.swift */ = {isa = PBXFileReference; fileEncoding = 4; lastKnownFileType = sourcecode.swift; path = Aspect.swift; sourceTree = "<group>"; };
		84D377621D6B66DE007F7396 /* MPVPlaylistItem.swift */ = {isa = PBXFileReference; fileEncoding = 4; lastKnownFileType = sourcecode.swift; path = MPVPlaylistItem.swift; sourceTree = "<group>"; };
		84D377641D7370EE007F7396 /* ChapterTableCellView.swift */ = {isa = PBXFileReference; fileEncoding = 4; lastKnownFileType = sourcecode.swift; path = ChapterTableCellView.swift; sourceTree = "<group>"; };
		84D377661D737F58007F7396 /* MPVChapter.swift */ = {isa = PBXFileReference; fileEncoding = 4; lastKnownFileType = sourcecode.swift; path = MPVChapter.swift; sourceTree = "<group>"; };
		84E745D31DFDB27B00588DED /* PlaylistDragDestView.swift */ = {isa = PBXFileReference; fileEncoding = 4; lastKnownFileType = sourcecode.swift; path = PlaylistDragDestView.swift; sourceTree = "<group>"; };
		84E745D51DFDD4FD00588DED /* KeyCodeHelper.swift */ = {isa = PBXFileReference; fileEncoding = 4; lastKnownFileType = sourcecode.swift; path = KeyCodeHelper.swift; sourceTree = "<group>"; };
		84E745D81DFDE8C100588DED /* input.conf */ = {isa = PBXFileReference; fileEncoding = 4; lastKnownFileType = text; path = input.conf; sourceTree = "<group>"; };
		84EB1ED61D2F51D3004FA5A1 /* NazoPlayer.app */ = {isa = PBXFileReference; explicitFileType = wrapper.application; includeInIndex = 0; path = NazoPlayer.app; sourceTree = BUILT_PRODUCTS_DIR; };
		84EB1ED91D2F51D3004FA5A1 /* AppDelegate.swift */ = {isa = PBXFileReference; lastKnownFileType = sourcecode.swift; path = AppDelegate.swift; sourceTree = "<group>"; };
		84EB1EDB1D2F51D3004FA5A1 /* Assets.xcassets */ = {isa = PBXFileReference; lastKnownFileType = folder.assetcatalog; path = Assets.xcassets; sourceTree = "<group>"; };
		84EB1EE01D2F51D3004FA5A1 /* Info.plist */ = {isa = PBXFileReference; lastKnownFileType = text.plist.xml; path = Info.plist; sourceTree = "<group>"; };
		84EB1EE51D2F51D3004FA5A1 /* mpvxTests.xctest */ = {isa = PBXFileReference; explicitFileType = wrapper.cfbundle; includeInIndex = 0; path = mpvxTests.xctest; sourceTree = BUILT_PRODUCTS_DIR; };
		84EB1EE91D2F51D3004FA5A1 /* mpvxTests.swift */ = {isa = PBXFileReference; lastKnownFileType = sourcecode.swift; path = mpvxTests.swift; sourceTree = "<group>"; };
		84EB1EEB1D2F51D3004FA5A1 /* Info.plist */ = {isa = PBXFileReference; lastKnownFileType = text.plist.xml; path = Info.plist; sourceTree = "<group>"; };
		84EB1F041D2F5C5B004FA5A1 /* AppData.swift */ = {isa = PBXFileReference; fileEncoding = 4; lastKnownFileType = sourcecode.swift; path = AppData.swift; sourceTree = "<group>"; };
		84EB1F061D2F5E76004FA5A1 /* Utility.swift */ = {isa = PBXFileReference; fileEncoding = 4; lastKnownFileType = sourcecode.swift; path = Utility.swift; sourceTree = "<group>"; };
		84F725551D4783EE000DEF1B /* VolumeSliderCell.swift */ = {isa = PBXFileReference; fileEncoding = 4; lastKnownFileType = sourcecode.swift; path = VolumeSliderCell.swift; sourceTree = "<group>"; };
		84F7258E1D486185000DEF1B /* MPVProperty.swift */ = {isa = PBXFileReference; fileEncoding = 4; lastKnownFileType = sourcecode.swift; path = MPVProperty.swift; sourceTree = "<group>"; };
		84FF84701D2FF698001B318A /* client.h */ = {isa = PBXFileReference; fileEncoding = 4; lastKnownFileType = sourcecode.c.h; path = client.h; sourceTree = "<group>"; };
		84FF84711D2FF698001B318A /* opengl_cb.h */ = {isa = PBXFileReference; fileEncoding = 4; lastKnownFileType = sourcecode.c.h; path = opengl_cb.h; sourceTree = "<group>"; };
		84FF84721D2FF698001B318A /* qthelper.hpp */ = {isa = PBXFileReference; fileEncoding = 4; lastKnownFileType = sourcecode.cpp.h; path = qthelper.hpp; sourceTree = "<group>"; };
		84FF84751D2FF698001B318A /* libmpv.1.dylib */ = {isa = PBXFileReference; lastKnownFileType = "compiled.mach-o.dylib"; name = libmpv.1.dylib; path = libmpv/lib/libmpv.1.dylib; sourceTree = "<group>"; };
		84FF84761D2FF698001B318A /* libmpv.dylib */ = {isa = PBXFileReference; lastKnownFileType = "compiled.mach-o.dylib"; name = libmpv.dylib; path = libmpv/lib/libmpv.dylib; sourceTree = "<group>"; };
		8D4EBE1369EC1EB3D9B332C4 /* Pods-mpvx.release.xcconfig */ = {isa = PBXFileReference; includeInIndex = 1; lastKnownFileType = text.xcconfig; name = "Pods-mpvx.release.xcconfig"; path = "Pods/Target Support Files/Pods-mpvx/Pods-mpvx.release.xcconfig"; sourceTree = "<group>"; };
		8D6D9C231698CD96933BCE69 /* Pods-mpvxTests.debug.xcconfig */ = {isa = PBXFileReference; includeInIndex = 1; lastKnownFileType = text.xcconfig; name = "Pods-mpvxTests.debug.xcconfig"; path = "Pods/Target Support Files/Pods-mpvxTests/Pods-mpvxTests.debug.xcconfig"; sourceTree = "<group>"; };
		AD3BB419211322D1B24B9844 /* Pods-mpvxTests.release.xcconfig */ = {isa = PBXFileReference; includeInIndex = 1; lastKnownFileType = text.xcconfig; name = "Pods-mpvxTests.release.xcconfig"; path = "Pods/Target Support Files/Pods-mpvxTests/Pods-mpvxTests.release.xcconfig"; sourceTree = "<group>"; };
		E02BC1426882141B31FD7C32 /* Pods_mpvxTests.framework */ = {isa = PBXFileReference; explicitFileType = wrapper.framework; includeInIndex = 0; path = Pods_mpvxTests.framework; sourceTree = BUILT_PRODUCTS_DIR; };
		F276FEF5F54ED58912B668DF /* Pods-mpvx.debug.xcconfig */ = {isa = PBXFileReference; includeInIndex = 1; lastKnownFileType = text.xcconfig; name = "Pods-mpvx.debug.xcconfig"; path = "Pods/Target Support Files/Pods-mpvx/Pods-mpvx.debug.xcconfig"; sourceTree = "<group>"; };
/* End PBXFileReference section */

/* Begin PBXFrameworksBuildPhase section */
		84EB1ED31D2F51D3004FA5A1 /* Frameworks */ = {
			isa = PBXFrameworksBuildPhase;
			buildActionMask = 2147483647;
			files = (
				84FF847B1D2FF698001B318A /* libmpv.dylib in Frameworks */,
				84FF847A1D2FF698001B318A /* libmpv.1.dylib in Frameworks */,
				84817C941DBBF8E000CC2279 /* libmpv.1.23.0.dylib in Frameworks */,
				8A11331C2E4A6204BD5E3950 /* Pods_mpvx.framework in Frameworks */,
			);
			runOnlyForDeploymentPostprocessing = 0;
		};
		84EB1EE21D2F51D3004FA5A1 /* Frameworks */ = {
			isa = PBXFrameworksBuildPhase;
			buildActionMask = 2147483647;
			files = (
				4E0ACCEC2D7DC320BD17866D /* Pods_mpvxTests.framework in Frameworks */,
			);
			runOnlyForDeploymentPostprocessing = 0;
		};
/* End PBXFrameworksBuildPhase section */

/* Begin PBXGroup section */
		8452DD7F1D3A1F2A008A543A /* Preference */ = {
			isa = PBXGroup;
			children = (
				8452DD841D3B956D008A543A /* Preference.swift */,
				847C62C81DC13CDA00E1EF16 /* PreferenceGeneralViewController.swift */,
				847C62C91DC13CDA00E1EF16 /* PreferenceGeneralViewController.xib */,
				84BEEC3D1DFEDE2F00F945CA /* PrefKeyBindingViewController.swift */,
				84BEEC3E1DFEDE2F00F945CA /* PrefKeyBindingViewController.xib */,
				840D47991DFEF649000D9A64 /* KeyRecordViewController.swift */,
				840D479A1DFEF649000D9A64 /* KeyRecordViewController.xib */,
				840D479F1DFEFC49000D9A64 /* KeyRecordView.swift */,
			);
			name = Preference;
			sourceTree = "<group>";
		};
		845ABEAD1D4D19CF00BFB15B /* Model */ = {
			isa = PBXGroup;
			children = (
				84791C8A1D405E9D0069E28A /* PlaybackInfo.swift */,
				845ABEAB1D4D19C000BFB15B /* MPVTrack.swift */,
				84D377621D6B66DE007F7396 /* MPVPlaylistItem.swift */,
				84D377661D737F58007F7396 /* MPVChapter.swift */,
				84C8D58E1D794CE600D98A0E /* MPVFilter.swift */,
			);
			name = Model;
			sourceTree = "<group>";
		};
		84817CE51DBE2D0300CC2279 /* scripts */ = {
			isa = PBXGroup;
			children = (
				84817CE61DBE2D0300CC2279 /* autoload.lua */,
			);
			path = scripts;
			sourceTree = "<group>";
		};
		848290731D95978100C3C76C /* Frameworks */ = {
			isa = PBXGroup;
			children = (
				84817CEA1DBE36F500CC2279 /* libuchardet.0.dylib */,
				84817CDC1DBE1A5D00CC2279 /* libavresample.3.dylib */,
				84817CDD1DBE1A5D00CC2279 /* libpostproc.54.dylib */,
				84817CBE1DBE173600CC2279 /* libfontconfig.1.dylib */,
				84817CBF1DBE173600CC2279 /* libfreetype.6.dylib */,
				84817CC01DBE173600CC2279 /* libfribidi.0.dylib */,
				84817CC11DBE173600CC2279 /* libglib-2.0.0.dylib */,
				84817CC21DBE173600CC2279 /* libharfbuzz.0.dylib */,
				84817CC31DBE173600CC2279 /* libintl.8.dylib */,
				84817CC41DBE173600CC2279 /* libmp3lame.0.dylib */,
				84817CC51DBE173600CC2279 /* libpcre.1.dylib */,
				84817CC61DBE173600CC2279 /* libpng16.16.dylib */,
				84817CC71DBE173600CC2279 /* libx264.148.dylib */,
				84817C9D1DBE0BA000CC2279 /* libass.5.dylib */,
				84817C9E1DBE0BA000CC2279 /* libavcodec.57.dylib */,
				84817C9F1DBE0BA000CC2279 /* libavdevice.57.dylib */,
				84817CA01DBE0BA000CC2279 /* libavfilter.6.dylib */,
				84817CA11DBE0BA000CC2279 /* libavformat.57.dylib */,
				84817CA21DBE0BA000CC2279 /* libavutil.55.dylib */,
				84817CA31DBE0BA000CC2279 /* libjpeg.8.dylib */,
				84817CA41DBE0BA000CC2279 /* liblcms2.2.dylib */,
				84817CA51DBE0BA000CC2279 /* liblua.5.2.dylib */,
				84817CA61DBE0BA000CC2279 /* libswresample.2.dylib */,
				84817CA71DBE0BA000CC2279 /* libswscale.4.dylib */,
				84817C931DBBF8E000CC2279 /* libmpv.1.23.0.dylib */,
				84FF84751D2FF698001B318A /* libmpv.1.dylib */,
				84FF84761D2FF698001B318A /* libmpv.dylib */,
				3BE5147FAFA07715007A39C3 /* Pods_mpvx.framework */,
				E02BC1426882141B31FD7C32 /* Pods_mpvxTests.framework */,
			);
			name = Frameworks;
			sourceTree = "<group>";
		};
		84A0BAA21D2FAE8200BC8DA1 /* Assets */ = {
			isa = PBXGroup;
			children = (
				84E745D71DFDE8C100588DED /* config */,
				84817CE51DBE2D0300CC2279 /* scripts */,
				84EB1EDB1D2F51D3004FA5A1 /* Assets.xcassets */,
				84EB1EE01D2F51D3004FA5A1 /* Info.plist */,
			);
			name = Assets;
			sourceTree = "<group>";
		};
		84A0BAA31D2FAEA000BC8DA1 /* Views */ = {
			isa = PBXGroup;
			children = (
				84A0BA931D2F9E9600BC8DA1 /* MainMenu.xib */,
				84A0BA9C1D2FAD4000BC8DA1 /* MainWindowController.swift */,
				84A0BA9D1D2FAD4000BC8DA1 /* MainWindowController.xib */,
				8466BE161D5CDD0300039D03 /* QuickSettingViewController.swift */,
				8466BE171D5CDD0300039D03 /* QuickSettingViewController.xib */,
				8460FBA71D6497490081841B /* PlaylistViewController.swift */,
				8460FBA81D6497490081841B /* PlaylistViewController.xib */,
				84E745D31DFDB27B00588DED /* PlaylistDragDestView.swift */,
				84D377641D7370EE007F7396 /* ChapterTableCellView.swift */,
				845FB0C61D39462E00C011E0 /* ControlBarView.swift */,
				84D377691D74163B007F7396 /* Video */,
				84D377681D7413D8007F7396 /* Accessories */,
				8452DD7F1D3A1F2A008A543A /* Preference */,
			);
			name = Views;
			sourceTree = "<group>";
		};
		84A0BAA61D2FAF8400BC8DA1 /* Utils */ = {
			isa = PBXGroup;
			children = (
				8497A4831D2FF573005F504F /* mpvx-Bridging-Header.h */,
				84A0BA9A1D2FAB4100BC8DA1 /* Parameter.swift */,
				84EB1F061D2F5E76004FA5A1 /* Utility.swift */,
				8434BAA81D5E3C2B003BECF2 /* Formatters.swift */,
				8461C52F1D462488006E91FF /* VideoTime.swift */,
				8434BAA61D5DF2DA003BECF2 /* Extensions.swift */,
				84C8D5901D796F9700D98A0E /* Aspect.swift */,
				84AABE961DBFB62F00D138FD /* FixedFontManager.h */,
				84AABE971DBFB62F00D138FD /* FixedFontManager.m */,
				84E745D51DFDD4FD00588DED /* KeyCodeHelper.swift */,
				84BEEC411DFEE46200F945CA /* StreamReader.swift */,
				840D47971DFEEE6A000D9A64 /* KeyMapping.swift */,
			);
			name = Utils;
			sourceTree = "<group>";
		};
		84A0BAA71D2FAF9700BC8DA1 /* Controllers */ = {
			isa = PBXGroup;
			children = (
				84EB1ED91D2F51D3004FA5A1 /* AppDelegate.swift */,
				84A0BA961D2FA1CE00BC8DA1 /* PlayerCore.swift */,
				84A0BA981D2FAAA700BC8DA1 /* MPVController.swift */,
				8487BEC21D76A1AF00FD17B0 /* MenuController.swift */,
			);
			name = Controllers;
			sourceTree = "<group>";
		};
		84A0BAA81D2FAFCD00BC8DA1 /* Data */ = {
			isa = PBXGroup;
			children = (
				847644091D48CC3D004F6DF5 /* MPVCommand.swift */,
				847644071D48B413004F6DF5 /* MPVOption.swift */,
				844DE1BE1D3E2B9900272589 /* MPVEvent.swift */,
				84F7258E1D486185000DEF1B /* MPVProperty.swift */,
				84EB1F041D2F5C5B004FA5A1 /* AppData.swift */,
				8476440B1D48F63D004F6DF5 /* OSDMessage.swift */,
				84A0BA8F1D2F8D4100BC8DA1 /* Error.swift */,
				84AABE8A1DBF634600D138FD /* CharEncoding.swift */,
			);
			name = Data;
			sourceTree = "<group>";
		};
		84D377681D7413D8007F7396 /* Accessories */ = {
			isa = PBXGroup;
			children = (
				843FFD4C1D5DAA01001F3A44 /* RoundedTextFieldCell.swift */,
				8461C52D1D45FFF6006E91FF /* PlaySliderCell.swift */,
				84F725551D4783EE000DEF1B /* VolumeSliderCell.swift */,
				8434BAAC1D5E4546003BECF2 /* SlideUpButton.swift */,
				8487BEC01D744FA800FD17B0 /* FlippedView.swift */,
				84817C951DBDCA5F00CC2279 /* SettingsListCellView.swift */,
				84817C971DBDCE4300CC2279 /* RoundedColorWell.swift */,
				84AABE921DBFAF1A00D138FD /* FontPickerWindowController.swift */,
				84AABE931DBFAF1A00D138FD /* FontPickerWindowController.xib */,
			);
			name = Accessories;
			sourceTree = "<group>";
		};
		84D377691D74163B007F7396 /* Video */ = {
			isa = PBXGroup;
			children = (
				84A0BAA01D2FAE7600BC8DA1 /* VideoView.swift */,
				8452DD881D3CB4EF008A543A /* vertexShader.glsl */,
				8452DD8A1D3CB519008A543A /* fragmentShader.glsl */,
			);
			name = Video;
			sourceTree = "<group>";
		};
		84E745D71DFDE8C100588DED /* config */ = {
			isa = PBXGroup;
			children = (
				84E745D81DFDE8C100588DED /* input.conf */,
			);
			name = config;
			path = mpvx/config;
			sourceTree = SOURCE_ROOT;
		};
		84EB1ECD1D2F51D3004FA5A1 = {
			isa = PBXGroup;
			children = (
				84EB1ED81D2F51D3004FA5A1 /* mpvx */,
				84EB1EE81D2F51D3004FA5A1 /* mpvxTests */,
				84EB1ED71D2F51D3004FA5A1 /* Products */,
				848290731D95978100C3C76C /* Frameworks */,
				AC32CA0B7767E182D68B6353 /* Pods */,
			);
			sourceTree = "<group>";
		};
		84EB1ED71D2F51D3004FA5A1 /* Products */ = {
			isa = PBXGroup;
			children = (
				84EB1ED61D2F51D3004FA5A1 /* NazoPlayer.app */,
				84EB1EE51D2F51D3004FA5A1 /* mpvxTests.xctest */,
			);
			name = Products;
			sourceTree = "<group>";
		};
		84EB1ED81D2F51D3004FA5A1 /* mpvx */ = {
			isa = PBXGroup;
			children = (
				84FF846D1D2FF698001B318A /* libmpv */,
				84A0BAA21D2FAE8200BC8DA1 /* Assets */,
				84A0BAA71D2FAF9700BC8DA1 /* Controllers */,
				84A0BAA81D2FAFCD00BC8DA1 /* Data */,
				845ABEAD1D4D19CF00BFB15B /* Model */,
				84A0BAA31D2FAEA000BC8DA1 /* Views */,
				84A0BAA61D2FAF8400BC8DA1 /* Utils */,
			);
			path = mpvx;
			sourceTree = "<group>";
		};
		84EB1EE81D2F51D3004FA5A1 /* mpvxTests */ = {
			isa = PBXGroup;
			children = (
				84EB1EE91D2F51D3004FA5A1 /* mpvxTests.swift */,
				84EB1EEB1D2F51D3004FA5A1 /* Info.plist */,
			);
			path = mpvxTests;
			sourceTree = "<group>";
		};
		84FF846D1D2FF698001B318A /* libmpv */ = {
			isa = PBXGroup;
			children = (
				84FF846E1D2FF698001B318A /* include */,
			);
			path = libmpv;
			sourceTree = SOURCE_ROOT;
		};
		84FF846E1D2FF698001B318A /* include */ = {
			isa = PBXGroup;
			children = (
				84FF846F1D2FF698001B318A /* mpv */,
			);
			path = include;
			sourceTree = "<group>";
		};
		84FF846F1D2FF698001B318A /* mpv */ = {
			isa = PBXGroup;
			children = (
				84FF84701D2FF698001B318A /* client.h */,
				84FF84711D2FF698001B318A /* opengl_cb.h */,
				84FF84721D2FF698001B318A /* qthelper.hpp */,
			);
			path = mpv;
			sourceTree = "<group>";
		};
		AC32CA0B7767E182D68B6353 /* Pods */ = {
			isa = PBXGroup;
			children = (
				F276FEF5F54ED58912B668DF /* Pods-mpvx.debug.xcconfig */,
				8D4EBE1369EC1EB3D9B332C4 /* Pods-mpvx.release.xcconfig */,
				8D6D9C231698CD96933BCE69 /* Pods-mpvxTests.debug.xcconfig */,
				AD3BB419211322D1B24B9844 /* Pods-mpvxTests.release.xcconfig */,
			);
			name = Pods;
			sourceTree = "<group>";
		};
/* End PBXGroup section */

/* Begin PBXNativeTarget section */
		84EB1ED51D2F51D3004FA5A1 /* mpvx */ = {
			isa = PBXNativeTarget;
			buildConfigurationList = 84EB1EF91D2F51D3004FA5A1 /* Build configuration list for PBXNativeTarget "mpvx" */;
			buildPhases = (
				A8436D0F062F56A14DC8166A /* [CP] Check Pods Manifest.lock */,
				84EB1ED21D2F51D3004FA5A1 /* Sources */,
				84EB1ED31D2F51D3004FA5A1 /* Frameworks */,
				84EB1ED41D2F51D3004FA5A1 /* Resources */,
				84817C991DBDF57C00CC2279 /* Copy Dylibs */,
				84817CE81DBE2E3200CC2279 /* Copy Lua Scripts */,
				84E745DA1DFDE9C600588DED /* Copy Configs */,
				39F390C48490810A95AAB798 /* [CP] Embed Pods Frameworks */,
				D7649DE65F9AB702CE8501C9 /* [CP] Copy Pods Resources */,
			);
			buildRules = (
			);
			dependencies = (
			);
			name = mpvx;
			productName = mpvx;
			productReference = 84EB1ED61D2F51D3004FA5A1 /* NazoPlayer.app */;
			productType = "com.apple.product-type.application";
		};
		84EB1EE41D2F51D3004FA5A1 /* mpvxTests */ = {
			isa = PBXNativeTarget;
			buildConfigurationList = 84EB1EFC1D2F51D3004FA5A1 /* Build configuration list for PBXNativeTarget "mpvxTests" */;
			buildPhases = (
				09E168D08FA87C07190913AE /* [CP] Check Pods Manifest.lock */,
				84EB1EE11D2F51D3004FA5A1 /* Sources */,
				84EB1EE21D2F51D3004FA5A1 /* Frameworks */,
				84EB1EE31D2F51D3004FA5A1 /* Resources */,
				78CBBA0AC8422BA966B44447 /* [CP] Embed Pods Frameworks */,
				D5EEB5F9941B38A84A117651 /* [CP] Copy Pods Resources */,
			);
			buildRules = (
			);
			dependencies = (
				84EB1EE71D2F51D3004FA5A1 /* PBXTargetDependency */,
			);
			name = mpvxTests;
			productName = mpvxTests;
			productReference = 84EB1EE51D2F51D3004FA5A1 /* mpvxTests.xctest */;
			productType = "com.apple.product-type.bundle.unit-test";
		};
/* End PBXNativeTarget section */

/* Begin PBXProject section */
		84EB1ECE1D2F51D3004FA5A1 /* Project object */ = {
			isa = PBXProject;
			attributes = {
				LastSwiftUpdateCheck = 0730;
				LastUpgradeCheck = 0800;
				ORGANIZATIONNAME = lhc;
				TargetAttributes = {
					84EB1ED51D2F51D3004FA5A1 = {
						CreatedOnToolsVersion = 7.3.1;
						LastSwiftMigration = 0800;
					};
					84EB1EE41D2F51D3004FA5A1 = {
						CreatedOnToolsVersion = 7.3.1;
						LastSwiftMigration = 0800;
						TestTargetID = 84EB1ED51D2F51D3004FA5A1;
					};
				};
			};
			buildConfigurationList = 84EB1ED11D2F51D3004FA5A1 /* Build configuration list for PBXProject "mpvx" */;
			compatibilityVersion = "Xcode 3.2";
			developmentRegion = English;
			hasScannedForEncodings = 0;
			knownRegions = (
				en,
				Base,
			);
			mainGroup = 84EB1ECD1D2F51D3004FA5A1;
			productRefGroup = 84EB1ED71D2F51D3004FA5A1 /* Products */;
			projectDirPath = "";
			projectRoot = "";
			targets = (
				84EB1ED51D2F51D3004FA5A1 /* mpvx */,
				84EB1EE41D2F51D3004FA5A1 /* mpvxTests */,
			);
		};
/* End PBXProject section */

/* Begin PBXResourcesBuildPhase section */
		84EB1ED41D2F51D3004FA5A1 /* Resources */ = {
			isa = PBXResourcesBuildPhase;
			buildActionMask = 2147483647;
			files = (
				84BEEC401DFEDE2F00F945CA /* PrefKeyBindingViewController.xib in Resources */,
				84AABE951DBFAF1A00D138FD /* FontPickerWindowController.xib in Resources */,
				8452DD891D3CB4EF008A543A /* vertexShader.glsl in Resources */,
				840D479C1DFEF649000D9A64 /* KeyRecordViewController.xib in Resources */,
				8466BE191D5CDD0300039D03 /* QuickSettingViewController.xib in Resources */,
				84EB1EDC1D2F51D3004FA5A1 /* Assets.xcassets in Resources */,
				84A0BA951D2F9E9600BC8DA1 /* MainMenu.xib in Resources */,
				8452DD8B1D3CB519008A543A /* fragmentShader.glsl in Resources */,
				8460FBAA1D6497490081841B /* PlaylistViewController.xib in Resources */,
				847C62CB1DC13CDA00E1EF16 /* PreferenceGeneralViewController.xib in Resources */,
				84A0BA9F1D2FAD4000BC8DA1 /* MainWindowController.xib in Resources */,
			);
			runOnlyForDeploymentPostprocessing = 0;
		};
		84EB1EE31D2F51D3004FA5A1 /* Resources */ = {
			isa = PBXResourcesBuildPhase;
			buildActionMask = 2147483647;
			files = (
			);
			runOnlyForDeploymentPostprocessing = 0;
		};
/* End PBXResourcesBuildPhase section */

/* Begin PBXShellScriptBuildPhase section */
		09E168D08FA87C07190913AE /* [CP] Check Pods Manifest.lock */ = {
			isa = PBXShellScriptBuildPhase;
			buildActionMask = 2147483647;
			files = (
			);
			inputPaths = (
			);
			name = "[CP] Check Pods Manifest.lock";
			outputPaths = (
			);
			runOnlyForDeploymentPostprocessing = 0;
			shellPath = /bin/sh;
			shellScript = "diff \"${PODS_ROOT}/../Podfile.lock\" \"${PODS_ROOT}/Manifest.lock\" > /dev/null\nif [ $? != 0 ] ; then\n    # print error to STDERR\n    echo \"error: The sandbox is not in sync with the Podfile.lock. Run 'pod install' or update your CocoaPods installation.\" >&2\n    exit 1\nfi\n";
			showEnvVarsInLog = 0;
		};
		39F390C48490810A95AAB798 /* [CP] Embed Pods Frameworks */ = {
			isa = PBXShellScriptBuildPhase;
			buildActionMask = 2147483647;
			files = (
			);
			inputPaths = (
			);
			name = "[CP] Embed Pods Frameworks";
			outputPaths = (
			);
			runOnlyForDeploymentPostprocessing = 0;
			shellPath = /bin/sh;
			shellScript = "\"${SRCROOT}/Pods/Target Support Files/Pods-mpvx/Pods-mpvx-frameworks.sh\"\n";
			showEnvVarsInLog = 0;
		};
		78CBBA0AC8422BA966B44447 /* [CP] Embed Pods Frameworks */ = {
			isa = PBXShellScriptBuildPhase;
			buildActionMask = 2147483647;
			files = (
			);
			inputPaths = (
			);
			name = "[CP] Embed Pods Frameworks";
			outputPaths = (
			);
			runOnlyForDeploymentPostprocessing = 0;
			shellPath = /bin/sh;
			shellScript = "\"${SRCROOT}/Pods/Target Support Files/Pods-mpvxTests/Pods-mpvxTests-frameworks.sh\"\n";
			showEnvVarsInLog = 0;
		};
		A8436D0F062F56A14DC8166A /* [CP] Check Pods Manifest.lock */ = {
			isa = PBXShellScriptBuildPhase;
			buildActionMask = 2147483647;
			files = (
			);
			inputPaths = (
			);
			name = "[CP] Check Pods Manifest.lock";
			outputPaths = (
			);
			runOnlyForDeploymentPostprocessing = 0;
			shellPath = /bin/sh;
			shellScript = "diff \"${PODS_ROOT}/../Podfile.lock\" \"${PODS_ROOT}/Manifest.lock\" > /dev/null\nif [ $? != 0 ] ; then\n    # print error to STDERR\n    echo \"error: The sandbox is not in sync with the Podfile.lock. Run 'pod install' or update your CocoaPods installation.\" >&2\n    exit 1\nfi\n";
			showEnvVarsInLog = 0;
		};
		D5EEB5F9941B38A84A117651 /* [CP] Copy Pods Resources */ = {
			isa = PBXShellScriptBuildPhase;
			buildActionMask = 2147483647;
			files = (
			);
			inputPaths = (
			);
			name = "[CP] Copy Pods Resources";
			outputPaths = (
			);
			runOnlyForDeploymentPostprocessing = 0;
			shellPath = /bin/sh;
			shellScript = "\"${SRCROOT}/Pods/Target Support Files/Pods-mpvxTests/Pods-mpvxTests-resources.sh\"\n";
			showEnvVarsInLog = 0;
		};
		D7649DE65F9AB702CE8501C9 /* [CP] Copy Pods Resources */ = {
			isa = PBXShellScriptBuildPhase;
			buildActionMask = 2147483647;
			files = (
			);
			inputPaths = (
			);
			name = "[CP] Copy Pods Resources";
			outputPaths = (
			);
			runOnlyForDeploymentPostprocessing = 0;
			shellPath = /bin/sh;
			shellScript = "\"${SRCROOT}/Pods/Target Support Files/Pods-mpvx/Pods-mpvx-resources.sh\"\n";
			showEnvVarsInLog = 0;
		};
/* End PBXShellScriptBuildPhase section */

/* Begin PBXSourcesBuildPhase section */
		84EB1ED21D2F51D3004FA5A1 /* Sources */ = {
			isa = PBXSourcesBuildPhase;
			buildActionMask = 2147483647;
			files = (
				8461C52E1D45FFF6006E91FF /* PlaySliderCell.swift in Sources */,
				8452DD851D3B956D008A543A /* Preference.swift in Sources */,
				84E745D61DFDD4FD00588DED /* KeyCodeHelper.swift in Sources */,
				840D479B1DFEF649000D9A64 /* KeyRecordViewController.swift in Sources */,
				84D377631D6B66DE007F7396 /* MPVPlaylistItem.swift in Sources */,
				84BEEC421DFEE46200F945CA /* StreamReader.swift in Sources */,
				84EB1F071D2F5E76004FA5A1 /* Utility.swift in Sources */,
				840D47A01DFEFC49000D9A64 /* KeyRecordView.swift in Sources */,
				84791C8B1D405E9D0069E28A /* PlaybackInfo.swift in Sources */,
				84817C981DBDCE4300CC2279 /* RoundedColorWell.swift in Sources */,
				8461C5301D462488006E91FF /* VideoTime.swift in Sources */,
				8476440A1D48CC3D004F6DF5 /* MPVCommand.swift in Sources */,
				84C8D5911D796F9700D98A0E /* Aspect.swift in Sources */,
				8466BE181D5CDD0300039D03 /* QuickSettingViewController.swift in Sources */,
				84A0BA9E1D2FAD4000BC8DA1 /* MainWindowController.swift in Sources */,
				8476440C1D48F63D004F6DF5 /* OSDMessage.swift in Sources */,
				84F725561D4783EE000DEF1B /* VolumeSliderCell.swift in Sources */,
				8487BEC11D744FA800FD17B0 /* FlippedView.swift in Sources */,
				845ABEAC1D4D19C000BFB15B /* MPVTrack.swift in Sources */,
				84AABE981DBFB62F00D138FD /* FixedFontManager.m in Sources */,
				84EB1EDA1D2F51D3004FA5A1 /* AppDelegate.swift in Sources */,
				84A0BA901D2F8D4100BC8DA1 /* Error.swift in Sources */,
				847644081D48B413004F6DF5 /* MPVOption.swift in Sources */,
				84817C961DBDCA5F00CC2279 /* SettingsListCellView.swift in Sources */,
				8487BEC31D76A1AF00FD17B0 /* MenuController.swift in Sources */,
				8434BAA91D5E3C2B003BECF2 /* Formatters.swift in Sources */,
				84AABE8B1DBF634600D138FD /* CharEncoding.swift in Sources */,
				84AABE941DBFAF1A00D138FD /* FontPickerWindowController.swift in Sources */,
				84D377651D7370EE007F7396 /* ChapterTableCellView.swift in Sources */,
				843FFD4D1D5DAA01001F3A44 /* RoundedTextFieldCell.swift in Sources */,
				84A0BA9B1D2FAB4100BC8DA1 /* Parameter.swift in Sources */,
				84E745D41DFDB27B00588DED /* PlaylistDragDestView.swift in Sources */,
				84EB1F051D2F5C5B004FA5A1 /* AppData.swift in Sources */,
				84C8D58F1D794CE600D98A0E /* MPVFilter.swift in Sources */,
				84A0BAA11D2FAE7600BC8DA1 /* VideoView.swift in Sources */,
				844DE1BF1D3E2B9900272589 /* MPVEvent.swift in Sources */,
				8434BAA71D5DF2DA003BECF2 /* Extensions.swift in Sources */,
				8460FBA91D6497490081841B /* PlaylistViewController.swift in Sources */,
				84F7258F1D486185000DEF1B /* MPVProperty.swift in Sources */,
				84A0BA971D2FA1CE00BC8DA1 /* PlayerCore.swift in Sources */,
				84D377671D737F58007F7396 /* MPVChapter.swift in Sources */,
				847C62CA1DC13CDA00E1EF16 /* PreferenceGeneralViewController.swift in Sources */,
				845FB0C71D39462E00C011E0 /* ControlBarView.swift in Sources */,
				84A0BA991D2FAAA700BC8DA1 /* MPVController.swift in Sources */,
				8434BAAD1D5E4546003BECF2 /* SlideUpButton.swift in Sources */,
				840D47981DFEEE6A000D9A64 /* KeyMapping.swift in Sources */,
				84BEEC3F1DFEDE2F00F945CA /* PrefKeyBindingViewController.swift in Sources */,
			);
			runOnlyForDeploymentPostprocessing = 0;
		};
		84EB1EE11D2F51D3004FA5A1 /* Sources */ = {
			isa = PBXSourcesBuildPhase;
			buildActionMask = 2147483647;
			files = (
				84EB1EEA1D2F51D3004FA5A1 /* mpvxTests.swift in Sources */,
			);
			runOnlyForDeploymentPostprocessing = 0;
		};
/* End PBXSourcesBuildPhase section */

/* Begin PBXTargetDependency section */
		84EB1EE71D2F51D3004FA5A1 /* PBXTargetDependency */ = {
			isa = PBXTargetDependency;
			target = 84EB1ED51D2F51D3004FA5A1 /* mpvx */;
			targetProxy = 84EB1EE61D2F51D3004FA5A1 /* PBXContainerItemProxy */;
		};
/* End PBXTargetDependency section */

/* Begin PBXVariantGroup section */
		84A0BA931D2F9E9600BC8DA1 /* MainMenu.xib */ = {
			isa = PBXVariantGroup;
			children = (
				84A0BA941D2F9E9600BC8DA1 /* Base */,
			);
			name = MainMenu.xib;
			sourceTree = "<group>";
		};
/* End PBXVariantGroup section */

/* Begin XCBuildConfiguration section */
		84EB1EF71D2F51D3004FA5A1 /* Debug */ = {
			isa = XCBuildConfiguration;
			buildSettings = {
				ALWAYS_SEARCH_USER_PATHS = NO;
				CLANG_ANALYZER_NONNULL = YES;
				CLANG_CXX_LANGUAGE_STANDARD = "gnu++0x";
				CLANG_CXX_LIBRARY = "libc++";
				CLANG_ENABLE_MODULES = YES;
				CLANG_ENABLE_OBJC_ARC = YES;
				CLANG_WARN_BOOL_CONVERSION = YES;
				CLANG_WARN_CONSTANT_CONVERSION = YES;
				CLANG_WARN_DIRECT_OBJC_ISA_USAGE = YES_ERROR;
				CLANG_WARN_EMPTY_BODY = YES;
				CLANG_WARN_ENUM_CONVERSION = YES;
				CLANG_WARN_INFINITE_RECURSION = YES;
				CLANG_WARN_INT_CONVERSION = YES;
				CLANG_WARN_OBJC_ROOT_CLASS = YES_ERROR;
				CLANG_WARN_SUSPICIOUS_MOVE = YES;
				CLANG_WARN_UNREACHABLE_CODE = YES;
				CLANG_WARN__DUPLICATE_METHOD_MATCH = YES;
				CODE_SIGN_IDENTITY = "-";
				COPY_PHASE_STRIP = NO;
				DEBUG_INFORMATION_FORMAT = dwarf;
				ENABLE_STRICT_OBJC_MSGSEND = YES;
				ENABLE_TESTABILITY = YES;
				GCC_C_LANGUAGE_STANDARD = gnu99;
				GCC_DYNAMIC_NO_PIC = NO;
				GCC_NO_COMMON_BLOCKS = YES;
				GCC_OPTIMIZATION_LEVEL = 0;
				GCC_PREPROCESSOR_DEFINITIONS = (
					"DEBUG=1",
					"$(inherited)",
				);
				GCC_WARN_64_TO_32_BIT_CONVERSION = YES;
				GCC_WARN_ABOUT_RETURN_TYPE = YES_ERROR;
				GCC_WARN_UNDECLARED_SELECTOR = YES;
				GCC_WARN_UNINITIALIZED_AUTOS = YES_AGGRESSIVE;
				GCC_WARN_UNUSED_FUNCTION = YES;
				GCC_WARN_UNUSED_VARIABLE = YES;
				HEADER_SEARCH_PATHS = "$(SRCROOT)/mpv";
				INSTALL_PATH = "";
				MACOSX_DEPLOYMENT_TARGET = 10.11;
				MTL_ENABLE_DEBUG_INFO = YES;
				ONLY_ACTIVE_ARCH = YES;
				SDKROOT = macosx;
				SWIFT_OPTIMIZATION_LEVEL = "-Onone";
			};
			name = Debug;
		};
		84EB1EF81D2F51D3004FA5A1 /* Release */ = {
			isa = XCBuildConfiguration;
			buildSettings = {
				ALWAYS_SEARCH_USER_PATHS = NO;
				CLANG_ANALYZER_NONNULL = YES;
				CLANG_CXX_LANGUAGE_STANDARD = "gnu++0x";
				CLANG_CXX_LIBRARY = "libc++";
				CLANG_ENABLE_MODULES = YES;
				CLANG_ENABLE_OBJC_ARC = YES;
				CLANG_WARN_BOOL_CONVERSION = YES;
				CLANG_WARN_CONSTANT_CONVERSION = YES;
				CLANG_WARN_DIRECT_OBJC_ISA_USAGE = YES_ERROR;
				CLANG_WARN_EMPTY_BODY = YES;
				CLANG_WARN_ENUM_CONVERSION = YES;
				CLANG_WARN_INFINITE_RECURSION = YES;
				CLANG_WARN_INT_CONVERSION = YES;
				CLANG_WARN_OBJC_ROOT_CLASS = YES_ERROR;
				CLANG_WARN_SUSPICIOUS_MOVE = YES;
				CLANG_WARN_UNREACHABLE_CODE = YES;
				CLANG_WARN__DUPLICATE_METHOD_MATCH = YES;
				CODE_SIGN_IDENTITY = "-";
				COPY_PHASE_STRIP = NO;
				DEBUG_INFORMATION_FORMAT = "dwarf-with-dsym";
				ENABLE_NS_ASSERTIONS = NO;
				ENABLE_STRICT_OBJC_MSGSEND = YES;
				GCC_C_LANGUAGE_STANDARD = gnu99;
				GCC_NO_COMMON_BLOCKS = YES;
				GCC_WARN_64_TO_32_BIT_CONVERSION = YES;
				GCC_WARN_ABOUT_RETURN_TYPE = YES_ERROR;
				GCC_WARN_UNDECLARED_SELECTOR = YES;
				GCC_WARN_UNINITIALIZED_AUTOS = YES_AGGRESSIVE;
				GCC_WARN_UNUSED_FUNCTION = YES;
				GCC_WARN_UNUSED_VARIABLE = YES;
				HEADER_SEARCH_PATHS = "$(SRCROOT)/mpv";
				INSTALL_PATH = "";
				MACOSX_DEPLOYMENT_TARGET = 10.11;
				MTL_ENABLE_DEBUG_INFO = NO;
				SDKROOT = macosx;
			};
			name = Release;
		};
		84EB1EFA1D2F51D3004FA5A1 /* Debug */ = {
			isa = XCBuildConfiguration;
			baseConfigurationReference = F276FEF5F54ED58912B668DF /* Pods-mpvx.debug.xcconfig */;
			buildSettings = {
				ASSETCATALOG_COMPILER_APPICON_NAME = AppIcon;
				CLANG_ENABLE_MODULES = YES;
				COMBINE_HIDPI_IMAGES = YES;
				HEADER_SEARCH_PATHS = "$(SRCROOT)/libmpv/include";
				INFOPLIST_FILE = mpvx/Info.plist;
				LD_RUNPATH_SEARCH_PATHS = "$(inherited) @executable_path/../Frameworks";
				LIBRARY_SEARCH_PATHS = (
					"$(SRCROOT)/libmpv/lib",
					"$(PROJECT_DIR)/libmpv/lib",
				);
				MACOSX_DEPLOYMENT_TARGET = 10.10;
				OTHER_SWIFT_FLAGS = "-DDEBUG";
				PRODUCT_BUNDLE_IDENTIFIER = com.colliderli.mpvx;
				PRODUCT_NAME = NazoPlayer;
				SWIFT_OBJC_BRIDGING_HEADER = "mpvx/mpvx-Bridging-Header.h";
				SWIFT_OPTIMIZATION_LEVEL = "-Onone";
				SWIFT_VERSION = 3.0;
			};
			name = Debug;
		};
		84EB1EFB1D2F51D3004FA5A1 /* Release */ = {
			isa = XCBuildConfiguration;
			baseConfigurationReference = 8D4EBE1369EC1EB3D9B332C4 /* Pods-mpvx.release.xcconfig */;
			buildSettings = {
				ASSETCATALOG_COMPILER_APPICON_NAME = AppIcon;
				CLANG_ENABLE_MODULES = YES;
				COMBINE_HIDPI_IMAGES = YES;
				HEADER_SEARCH_PATHS = "$(SRCROOT)/libmpv/include";
				INFOPLIST_FILE = mpvx/Info.plist;
				LD_RUNPATH_SEARCH_PATHS = "$(inherited) @executable_path/../Frameworks";
				LIBRARY_SEARCH_PATHS = (
					"$(SRCROOT)/libmpv/lib",
					"$(PROJECT_DIR)/libmpv/lib",
				);
				MACOSX_DEPLOYMENT_TARGET = 10.10;
				"OTHER_SWIFT_FLAGS[arch=*]" = "-DRELEASE";
				PRODUCT_BUNDLE_IDENTIFIER = com.colliderli.mpvx;
				PRODUCT_NAME = NazoPlayer;
				SWIFT_OBJC_BRIDGING_HEADER = "mpvx/mpvx-Bridging-Header.h";
				SWIFT_OPTIMIZATION_LEVEL = "-Owholemodule";
				SWIFT_VERSION = 3.0;
			};
			name = Release;
		};
		84EB1EFD1D2F51D3004FA5A1 /* Debug */ = {
			isa = XCBuildConfiguration;
			baseConfigurationReference = 8D6D9C231698CD96933BCE69 /* Pods-mpvxTests.debug.xcconfig */;
			buildSettings = {
				BUNDLE_LOADER = "$(TEST_HOST)";
				COMBINE_HIDPI_IMAGES = YES;
				INFOPLIST_FILE = mpvxTests/Info.plist;
				LD_RUNPATH_SEARCH_PATHS = "$(inherited) @executable_path/../Frameworks @loader_path/../Frameworks";
				PRODUCT_BUNDLE_IDENTIFIER = org.colliderli.mpvxTests;
				PRODUCT_NAME = "$(TARGET_NAME)";
				SWIFT_VERSION = 3.0;
				TEST_HOST = "$(BUILT_PRODUCTS_DIR)/mpvx.app/Contents/MacOS/mpvx";
			};
			name = Debug;
		};
		84EB1EFE1D2F51D3004FA5A1 /* Release */ = {
			isa = XCBuildConfiguration;
			baseConfigurationReference = AD3BB419211322D1B24B9844 /* Pods-mpvxTests.release.xcconfig */;
			buildSettings = {
				BUNDLE_LOADER = "$(TEST_HOST)";
				COMBINE_HIDPI_IMAGES = YES;
				INFOPLIST_FILE = mpvxTests/Info.plist;
				LD_RUNPATH_SEARCH_PATHS = "$(inherited) @executable_path/../Frameworks @loader_path/../Frameworks";
				PRODUCT_BUNDLE_IDENTIFIER = org.colliderli.mpvxTests;
				PRODUCT_NAME = "$(TARGET_NAME)";
				SWIFT_OPTIMIZATION_LEVEL = "-Owholemodule";
				SWIFT_VERSION = 3.0;
				TEST_HOST = "$(BUILT_PRODUCTS_DIR)/mpvx.app/Contents/MacOS/mpvx";
			};
			name = Release;
		};
/* End XCBuildConfiguration section */

/* Begin XCConfigurationList section */
		84EB1ED11D2F51D3004FA5A1 /* Build configuration list for PBXProject "mpvx" */ = {
			isa = XCConfigurationList;
			buildConfigurations = (
				84EB1EF71D2F51D3004FA5A1 /* Debug */,
				84EB1EF81D2F51D3004FA5A1 /* Release */,
			);
			defaultConfigurationIsVisible = 0;
			defaultConfigurationName = Release;
		};
		84EB1EF91D2F51D3004FA5A1 /* Build configuration list for PBXNativeTarget "mpvx" */ = {
			isa = XCConfigurationList;
			buildConfigurations = (
				84EB1EFA1D2F51D3004FA5A1 /* Debug */,
				84EB1EFB1D2F51D3004FA5A1 /* Release */,
			);
			defaultConfigurationIsVisible = 0;
			defaultConfigurationName = Release;
		};
		84EB1EFC1D2F51D3004FA5A1 /* Build configuration list for PBXNativeTarget "mpvxTests" */ = {
			isa = XCConfigurationList;
			buildConfigurations = (
				84EB1EFD1D2F51D3004FA5A1 /* Debug */,
				84EB1EFE1D2F51D3004FA5A1 /* Release */,
			);
			defaultConfigurationIsVisible = 0;
			defaultConfigurationName = Release;
		};
/* End XCConfigurationList section */
	};
	rootObject = 84EB1ECE1D2F51D3004FA5A1 /* Project object */;
}
